
Microsoft Visual Studio Solution File, Format Version 12.00
# Visual Studio Version 17
VisualStudioVersion = 17.0.32014.148
MinimumVisualStudioVersion = 10.0.40219.1
Project("{FAE04EC0-301F-11D3-BF4B-00C04F79EFBC}") = "matrix2", "matrix2\matrix2.csproj", "{9F3D39C3-1D7E-4B5F-AD6E-0F2AC3803E97}"
EndProject
Global
	GlobalSection(SolutionConfigurationPlatforms) = preSolution
		Debug|Any CPU = Debug|Any CPU
		Release|Any CPU = Release|Any CPU
	EndGlobalSection
	GlobalSection(ProjectConfigurationPlatforms) = postSolution
		{9F3D39C3-1D7E-4B5F-AD6E-0F2AC3803E97}.Debug|Any CPU.ActiveCfg = Debug|Any CPU
		{9F3D39C3-1D7E-4B5F-AD6E-0F2AC3803E97}.Debug|Any CPU.Build.0 = Debug|Any CPU
		{9F3D39C3-1D7E-4B5F-AD6E-0F2AC3803E97}.Release|Any CPU.ActiveCfg = Release|Any CPU
		{9F3D39C3-1D7E-4B5F-AD6E-0F2AC3803E97}.Release|Any CPU.Build.0 = Release|Any CPU
	EndGlobalSection
	GlobalSection(SolutionProperties) = preSolution
		HideSolutionNode = FALSE
	EndGlobalSection
	GlobalSection(ExtensibilityGlobals) = postSolution
		SolutionGuid = {6F564627-ED9E-4C0D-8D1B-B7C833C6F352}
	EndGlobalSection
EndGlobal
